<?xml version="1.0" encoding="utf-8"?>
<Project ToolsVersion="4.0" xmlns="http://schemas.microsoft.com/developer/msbuild/2003">
  <ItemGroup>
    <Filter Include="KhachiyanAlgo">
      <UniqueIdentifier>{b26d072c-18e6-41cd-83bf-f9c515458176}</UniqueIdentifier>
    </Filter>
    <Filter Include="Main">
      <UniqueIdentifier>{4FC737F1-C7A5-4376-A066-2A32D752A2FF}</UniqueIdentifier>
      <Extensions>cpp;c;cc;cxx;def;odl;idl;hpj;bat;asm;asmx</Extensions>
    </Filter>
    <Filter Include="Math">
      <UniqueIdentifier>{fb359e40-e23b-4b47-8094-3c37470991d4}</UniqueIdentifier>
    </Filter>
    <Filter Include="RandNums">
      <UniqueIdentifier>{79deffc1-e47e-41bd-a31c-bf9bae4888b0}</UniqueIdentifier>
    </Filter>
  </ItemGroup>
  <ItemGroup>
    <ClCompile Include="main.cpp">
      <Filter>Main</Filter>
    </ClCompile>
    <ClCompile Include="ellipsoids.cpp">
      <Filter>KhachiyanAlgo</Filter>
    </ClCompile>
    <ClCompile Include="Matrix.cpp">
      <Filter>Math</Filter>
    </ClCompile>
    <ClCompile Include="Vector2D.cpp">
      <Filter>Math</Filter>
    </ClCompile>
    <ClCompile Include="RandNums.cpp">
      <Filter>RandNums</Filter>
    </ClCompile>
    <ClCompile Include="Algos.cpp">
      <Filter>Main</Filter>
    </ClCompile>
  </ItemGroup>
  <ItemGroup>
    <ClInclude Include="ellipsoids.hpp">
      <Filter>KhachiyanAlgo</Filter>
    </ClInclude>
    <ClInclude Include="Matrix.h">
      <Filter>Math</Filter>
    </ClInclude>
    <ClInclude Include="Vector2D.h">
      <Filter>Math</Filter>
    </ClInclude>
    <ClInclude Include="RandNums.h">
      <Filter>RandNums</Filter>
    </ClInclude>
    <ClInclude Include="Algos.h">
      <Filter>Main</Filter>
    </ClInclude>
  </ItemGroup>
  <ItemGroup>
    <None Include="..\Комментарии к проекту.txt" />
    <None Include="Teaching.txt" />
    <None Include="TestedEllipses.txt" />
    <None Include="TestedSamples.txt" />
  </ItemGroup>
</Project>